
Microsoft Visual Studio Solution File, Format Version 12.00
# Visual Studio 15
VisualStudioVersion = 15.0.27428.2005
MinimumVisualStudioVersion = 10.0.40219.1
Project("{FAE04EC0-301F-11D3-BF4B-00C04F79EFBC}") = "DemoDIWithUnity", "DemoDIWithUnity\DemoDIWithUnity.csproj", "{98C00A53-5811-4F26-873C-50044B2AAE06}"
EndProject
Global
	GlobalSection(SolutionConfigurationPlatforms) = preSolution
		Debug|Any CPU = Debug|Any CPU
		Release|Any CPU = Release|Any CPU
	EndGlobalSection
	GlobalSection(ProjectConfigurationPlatforms) = postSolution
		{98C00A53-5811-4F26-873C-50044B2AAE06}.Debug|Any CPU.ActiveCfg = Debug|Any CPU
		{98C00A53-5811-4F26-873C-50044B2AAE06}.Debug|Any CPU.Build.0 = Debug|Any CPU
		{98C00A53-5811-4F26-873C-50044B2AAE06}.Release|Any CPU.ActiveCfg = Release|Any CPU
		{98C00A53-5811-4F26-873C-50044B2AAE06}.Release|Any CPU.Build.0 = Release|Any CPU
	EndGlobalSection
	GlobalSection(SolutionProperties) = preSolution
		HideSolutionNode = FALSE
	EndGlobalSection
	GlobalSection(ExtensibilityGlobals) = postSolution
		SolutionGuid = {DFE0A8DA-CABF-4B6D-92E7-C439AE95D765}
	EndGlobalSection
EndGlobal
